
Microsoft Visual Studio Solution File, Format Version 12.00
# Visual Studio 15
VisualStudioVersion = 15.0.27130.2003
MinimumVisualStudioVersion = 10.0.40219.1
Project("{FAE04EC0-301F-11D3-BF4B-00C04F79EFBC}") = "WaitForDebugger", "WaitForDebugger\WaitForDebugger.csproj", "{470D38F2-F452-4559-96B7-79B1CD3AF8FE}"
EndProject
Project("{FAE04EC0-301F-11D3-BF4B-00C04F79EFBC}") = "WaitForDebugger.Example", "WaitForDebugger.Example\WaitForDebugger.Example.csproj", "{772EE5C2-7188-4318-8B82-7E6CD9C36278}"
EndProject
Global
	GlobalSection(SolutionConfigurationPlatforms) = preSolution
		Debug|Any CPU = Debug|Any CPU
		Release|Any CPU = Release|Any CPU
	EndGlobalSection
	GlobalSection(ProjectConfigurationPlatforms) = postSolution
		{470D38F2-F452-4559-96B7-79B1CD3AF8FE}.Debug|Any CPU.ActiveCfg = Debug|Any CPU
		{470D38F2-F452-4559-96B7-79B1CD3AF8FE}.Debug|Any CPU.Build.0 = Debug|Any CPU
		{470D38F2-F452-4559-96B7-79B1CD3AF8FE}.Release|Any CPU.ActiveCfg = Release|Any CPU
		{470D38F2-F452-4559-96B7-79B1CD3AF8FE}.Release|Any CPU.Build.0 = Release|Any CPU
		{772EE5C2-7188-4318-8B82-7E6CD9C36278}.Debug|Any CPU.ActiveCfg = Debug|Any CPU
		{772EE5C2-7188-4318-8B82-7E6CD9C36278}.Debug|Any CPU.Build.0 = Debug|Any CPU
		{772EE5C2-7188-4318-8B82-7E6CD9C36278}.Release|Any CPU.ActiveCfg = Release|Any CPU
		{772EE5C2-7188-4318-8B82-7E6CD9C36278}.Release|Any CPU.Build.0 = Release|Any CPU
	EndGlobalSection
	GlobalSection(SolutionProperties) = preSolution
		HideSolutionNode = FALSE
	EndGlobalSection
	GlobalSection(ExtensibilityGlobals) = postSolution
		SolutionGuid = {54E50753-4B88-4D93-AA69-D6DF096B5ABD}
	EndGlobalSection
EndGlobal
